// !$*UTF8*$!
{
	archiveVersion = 1;
	classes = {
	};
	objectVersion = 50;
	objects = {

/* Begin PBXBuildFile section */
		35DE36C2232275DC00F3F285 /* AppDelegate.swift in Sources */ = {isa = PBXBuildFile; fileRef = 35DE36C1232275DC00F3F285 /* AppDelegate.swift */; };
		35DE36C4232275DC00F3F285 /* NoteVC.swift in Sources */ = {isa = PBXBuildFile; fileRef = 35DE36C3232275DC00F3F285 /* NoteVC.swift */; };
		35DE36C7232275DC00F3F285 /* Main.storyboard in Resources */ = {isa = PBXBuildFile; fileRef = 35DE36C5232275DC00F3F285 /* Main.storyboard */; };
		35DE36C9232275F000F3F285 /* Assets.xcassets in Resources */ = {isa = PBXBuildFile; fileRef = 35DE36C8232275F000F3F285 /* Assets.xcassets */; };
		35DE36CC232275F000F3F285 /* LaunchScreen.storyboard in Resources */ = {isa = PBXBuildFile; fileRef = 35DE36CA232275F000F3F285 /* LaunchScreen.storyboard */; };
		35DE36D9232278B200F3F285 /* NoteCell.swift in Sources */ = {isa = PBXBuildFile; fileRef = 35DE36D8232278B200F3F285 /* NoteCell.swift */; };
		35DE36DB2322799300F3F285 /* Contants.swift in Sources */ = {isa = PBXBuildFile; fileRef = 35DE36DA2322799300F3F285 /* Contants.swift */; };
		35DE36DD23227CCC00F3F285 /* LockStatus.swift in Sources */ = {isa = PBXBuildFile; fileRef = 35DE36DC23227CCC00F3F285 /* LockStatus.swift */; };
		35DE36DF23227CFA00F3F285 /* Note.swift in Sources */ = {isa = PBXBuildFile; fileRef = 35DE36DE23227CFA00F3F285 /* Note.swift */; };
		35DE36E123227D6700F3F285 /* NotesObjects.swift in Sources */ = {isa = PBXBuildFile; fileRef = 35DE36E023227D6700F3F285 /* NotesObjects.swift */; };
/* End PBXBuildFile section */

/* Begin PBXFileReference section */
		35DE36BE232275DC00F3F285 /* TouchyFeelyGoodness.app */ = {isa = PBXFileReference; explicitFileType = wrapper.application; includeInIndex = 0; path = TouchyFeelyGoodness.app; sourceTree = BUILT_PRODUCTS_DIR; };
		35DE36C1232275DC00F3F285 /* AppDelegate.swift */ = {isa = PBXFileReference; lastKnownFileType = sourcecode.swift; path = AppDelegate.swift; sourceTree = "<group>"; };
		35DE36C3232275DC00F3F285 /* NoteVC.swift */ = {isa = PBXFileReference; lastKnownFileType = sourcecode.swift; path = NoteVC.swift; sourceTree = "<group>"; };
		35DE36C6232275DC00F3F285 /* Base */ = {isa = PBXFileReference; lastKnownFileType = file.storyboard; name = Base; path = Base.lproj/Main.storyboard; sourceTree = "<group>"; };
		35DE36C8232275F000F3F285 /* Assets.xcassets */ = {isa = PBXFileReference; lastKnownFileType = folder.assetcatalog; path = Assets.xcassets; sourceTree = "<group>"; };
		35DE36CB232275F000F3F285 /* Base */ = {isa = PBXFileReference; lastKnownFileType = file.storyboard; name = Base; path = Base.lproj/LaunchScreen.storyboard; sourceTree = "<group>"; };
		35DE36CD232275F000F3F285 /* Info.plist */ = {isa = PBXFileReference; lastKnownFileType = text.plist.xml; path = Info.plist; sourceTree = "<group>"; };
		35DE36D8232278B200F3F285 /* NoteCell.swift */ = {isa = PBXFileReference; lastKnownFileType = sourcecode.swift; path = NoteCell.swift; sourceTree = "<group>"; };
		35DE36DA2322799300F3F285 /* Contants.swift */ = {isa = PBXFileReference; lastKnownFileType = sourcecode.swift; path = Contants.swift; sourceTree = "<group>"; };
		35DE36DC23227CCC00F3F285 /* LockStatus.swift */ = {isa = PBXFileReference; lastKnownFileType = sourcecode.swift; path = LockStatus.swift; sourceTree = "<group>"; };
		35DE36DE23227CFA00F3F285 /* Note.swift */ = {isa = PBXFileReference; lastKnownFileType = sourcecode.swift; path = Note.swift; sourceTree = "<group>"; };
		35DE36E023227D6700F3F285 /* NotesObjects.swift */ = {isa = PBXFileReference; lastKnownFileType = sourcecode.swift; path = NotesObjects.swift; sourceTree = "<group>"; };
/* End PBXFileReference section */

/* Begin PBXFrameworksBuildPhase section */
		35DE36BB232275DB00F3F285 /* Frameworks */ = {
			isa = PBXFrameworksBuildPhase;
			buildActionMask = 2147483647;
			files = (
			);
			runOnlyForDeploymentPostprocessing = 0;
		};
/* End PBXFrameworksBuildPhase section */

/* Begin PBXGroup section */
		35DE36B5232275DB00F3F285 = {
			isa = PBXGroup;
			children = (
				35DE36C0232275DC00F3F285 /* TouchyFeelyGoodness */,
				35DE36BF232275DC00F3F285 /* Products */,
			);
			sourceTree = "<group>";
		};
		35DE36BF232275DC00F3F285 /* Products */ = {
			isa = PBXGroup;
			children = (
				35DE36BE232275DC00F3F285 /* TouchyFeelyGoodness.app */,
			);
			name = Products;
			sourceTree = "<group>";
		};
		35DE36C0232275DC00F3F285 /* TouchyFeelyGoodness */ = {
			isa = PBXGroup;
			children = (
				35DE36D72322777500F3F285 /* Helpers */,
				35DE36D62322776E00F3F285 /* Enums */,
				35DE36D52322776800F3F285 /* Model */,
				35DE36D42322776100F3F285 /* Views */,
				35DE36D32322775800F3F285 /* Controllers */,
				35DE36C1232275DC00F3F285 /* AppDelegate.swift */,
				35DE36C5232275DC00F3F285 /* Main.storyboard */,
				35DE36C8232275F000F3F285 /* Assets.xcassets */,
				35DE36CA232275F000F3F285 /* LaunchScreen.storyboard */,
				35DE36CD232275F000F3F285 /* Info.plist */,
			);
			path = TouchyFeelyGoodness;
			sourceTree = "<group>";
		};
		35DE36D32322775800F3F285 /* Controllers */ = {
			isa = PBXGroup;
			children = (
				35DE36C3232275DC00F3F285 /* NoteVC.swift */,
			);
			path = Controllers;
			sourceTree = "<group>";
		};
		35DE36D42322776100F3F285 /* Views */ = {
			isa = PBXGroup;
			children = (
				35DE36D8232278B200F3F285 /* NoteCell.swift */,
			);
			path = Views;
			sourceTree = "<group>";
		};
		35DE36D52322776800F3F285 /* Model */ = {
			isa = PBXGroup;
			children = (
				35DE36DE23227CFA00F3F285 /* Note.swift */,
			);
			path = Model;
			sourceTree = "<group>";
		};
		35DE36D62322776E00F3F285 /* Enums */ = {
			isa = PBXGroup;
			children = (
				35DE36DC23227CCC00F3F285 /* LockStatus.swift */,
			);
			path = Enums;
			sourceTree = "<group>";
		};
		35DE36D72322777500F3F285 /* Helpers */ = {
			isa = PBXGroup;
			children = (
				35DE36DA2322799300F3F285 /* Contants.swift */,
				35DE36E023227D6700F3F285 /* NotesObjects.swift */,
			);
			path = Helpers;
			sourceTree = "<group>";
		};
/* End PBXGroup section */

/* Begin PBXNativeTarget section */
		35DE36BD232275DB00F3F285 /* TouchyFeelyGoodness */ = {
			isa = PBXNativeTarget;
			buildConfigurationList = 35DE36D0232275F000F3F285 /* Build configuration list for PBXNativeTarget "TouchyFeelyGoodness" */;
			buildPhases = (
				35DE36BA232275DB00F3F285 /* Sources */,
				35DE36BB232275DB00F3F285 /* Frameworks */,
				35DE36BC232275DB00F3F285 /* Resources */,
			);
			buildRules = (
			);
			dependencies = (
			);
			name = TouchyFeelyGoodness;
			productName = TouchyFeelyGoodness;
			productReference = 35DE36BE232275DC00F3F285 /* TouchyFeelyGoodness.app */;
			productType = "com.apple.product-type.application";
		};
/* End PBXNativeTarget section */

/* Begin PBXProject section */
		35DE36B6232275DB00F3F285 /* Project object */ = {
			isa = PBXProject;
			attributes = {
				LastSwiftUpdateCheck = 1020;
				LastUpgradeCheck = 1020;
				ORGANIZATIONNAME = "juger rash";
				TargetAttributes = {
					35DE36BD232275DB00F3F285 = {
						CreatedOnToolsVersion = 10.2.1;
					};
				};
			};
			buildConfigurationList = 35DE36B9232275DB00F3F285 /* Build configuration list for PBXProject "TouchyFeelyGoodness" */;
			compatibilityVersion = "Xcode 9.3";
			developmentRegion = en;
			hasScannedForEncodings = 0;
			knownRegions = (
				en,
				Base,
			);
			mainGroup = 35DE36B5232275DB00F3F285;
			productRefGroup = 35DE36BF232275DC00F3F285 /* Products */;
			projectDirPath = "";
			projectRoot = "";
			targets = (
				35DE36BD232275DB00F3F285 /* TouchyFeelyGoodness */,
			);
		};
/* End PBXProject section */

/* Begin PBXResourcesBuildPhase section */
		35DE36BC232275DB00F3F285 /* Resources */ = {
			isa = PBXResourcesBuildPhase;
			buildActionMask = 2147483647;
			files = (
				35DE36CC232275F000F3F285 /* LaunchScreen.storyboard in Resources */,
				35DE36C9232275F000F3F285 /* Assets.xcassets in Resources */,
				35DE36C7232275DC00F3F285 /* Main.storyboard in Resources */,
			);
			runOnlyForDeploymentPostprocessing = 0;
		};
/* End PBXResourcesBuildPhase section */

/* Begin PBXSourcesBuildPhase section */
		35DE36BA232275DB00F3F285 /* Sources */ = {
			isa = PBXSourcesBuildPhase;
			buildActionMask = 2147483647;
			files = (
				35DE36E123227D6700F3F285 /* NotesObjects.swift in Sources */,
				35DE36D9232278B200F3F285 /* NoteCell.swift in Sources */,
				35DE36C4232275DC00F3F285 /* NoteVC.swift in Sources */,
				35DE36DD23227CCC00F3F285 /* LockStatus.swift in Sources */,
				35DE36DF23227CFA00F3F285 /* Note.swift in Sources */,
				35DE36C2232275DC00F3F285 /* AppDelegate.swift in Sources */,
				35DE36DB2322799300F3F285 /* Contants.swift in Sources */,
			);
			runOnlyForDeploymentPostprocessing = 0;
		};
/* End PBXSourcesBuildPhase section */

/* Begin PBXVariantGroup section */
		35DE36C5232275DC00F3F285 /* Main.storyboard */ = {
			isa = PBXVariantGroup;
			children = (
				35DE36C6232275DC00F3F285 /* Base */,
			);
			name = Main.storyboard;
			sourceTree = "<group>";
		};
		35DE36CA232275F000F3F285 /* LaunchScreen.storyboard */ = {
			isa = PBXVariantGroup;
			children = (
				35DE36CB232275F000F3F285 /* Base */,
			);
			name = LaunchScreen.storyboard;
			sourceTree = "<group>";
		};
/* End PBXVariantGroup section */

/* Begin XCBuildConfiguration section */
		35DE36CE232275F000F3F285 /* Debug */ = {
			isa = XCBuildConfiguration;
			buildSettings = {
				ALWAYS_SEARCH_USER_PATHS = NO;
				CLANG_ANALYZER_NONNULL = YES;
				CLANG_ANALYZER_NUMBER_OBJECT_CONVERSION = YES_AGGRESSIVE;
				CLANG_CXX_LANGUAGE_STANDARD = "gnu++14";
				CLANG_CXX_LIBRARY = "libc++";
				CLANG_ENABLE_MODULES = YES;
				CLANG_ENABLE_OBJC_ARC = YES;
				CLANG_ENABLE_OBJC_WEAK = YES;
				CLANG_WARN_BLOCK_CAPTURE_AUTORELEASING = YES;
				CLANG_WARN_BOOL_CONVERSION = YES;
				CLANG_WARN_COMMA = YES;
				CLANG_WARN_CONSTANT_CONVERSION = YES;
				CLANG_WARN_DEPRECATED_OBJC_IMPLEMENTATIONS = YES;
				CLANG_WARN_DIRECT_OBJC_ISA_USAGE = YES_ERROR;
				CLANG_WARN_DOCUMENTATION_COMMENTS = YES;
				CLANG_WARN_EMPTY_BODY = YES;
				CLANG_WARN_ENUM_CONVERSION = YES;
				CLANG_WARN_INFINITE_RECURSION = YES;
				CLANG_WARN_INT_CONVERSION = YES;
				CLANG_WARN_NON_LITERAL_NULL_CONVERSION = YES;
				CLANG_WARN_OBJC_IMPLICIT_RETAIN_SELF = YES;
				CLANG_WARN_OBJC_LITERAL_CONVERSION = YES;
				CLANG_WARN_OBJC_ROOT_CLASS = YES_ERROR;
				CLANG_WARN_RANGE_LOOP_ANALYSIS = YES;
				CLANG_WARN_STRICT_PROTOTYPES = YES;
				CLANG_WARN_SUSPICIOUS_MOVE = YES;
				CLANG_WARN_UNGUARDED_AVAILABILITY = YES_AGGRESSIVE;
				CLANG_WARN_UNREACHABLE_CODE = YES;
				CLANG_WARN__DUPLICATE_METHOD_MATCH = YES;
				CODE_SIGN_IDENTITY = "iPhone Developer";
				COPY_PHASE_STRIP = NO;
				DEBUG_INFORMATION_FORMAT = dwarf;
				ENABLE_STRICT_OBJC_MSGSEND = YES;
				ENABLE_TESTABILITY = YES;
				GCC_C_LANGUAGE_STANDARD = gnu11;
				GCC_DYNAMIC_NO_PIC = NO;
				GCC_NO_COMMON_BLOCKS = YES;
				GCC_OPTIMIZATION_LEVEL = 0;
				GCC_PREPROCESSOR_DEFINITIONS = (
					"DEBUG=1",
					"$(inherited)",
				);
				GCC_WARN_64_TO_32_BIT_CONVERSION = YES;
				GCC_WARN_ABOUT_RETURN_TYPE = YES_ERROR;
				GCC_WARN_UNDECLARED_SELECTOR = YES;
				GCC_WARN_UNINITIALIZED_AUTOS = YES_AGGRESSIVE;
				GCC_WARN_UNUSED_FUNCTION = YES;
				GCC_WARN_UNUSED_VARIABLE = YES;
				IPHONEOS_DEPLOYMENT_TARGET = 12.2;
				MTL_ENABLE_DEBUG_INFO = INCLUDE_SOURCE;
				MTL_FAST_MATH = YES;
				ONLY_ACTIVE_ARCH = YES;
				SDKROOT = iphoneos;
				SWIFT_ACTIVE_COMPILATION_CONDITIONS = DEBUG;
				SWIFT_OPTIMIZATION_LEVEL = "-Onone";
			};
			name = Debug;
		};
		35DE36CF232275F000F3F285 /* Release */ = {
			isa = XCBuildConfiguration;
			buildSettings = {
				ALWAYS_SEARCH_USER_PATHS = NO;
				CLANG_ANALYZER_NONNULL = YES;
				CLANG_ANALYZER_NUMBER_OBJECT_CONVERSION = YES_AGGRESSIVE;
				CLANG_CXX_LANGUAGE_STANDARD = "gnu++14";
				CLANG_CXX_LIBRARY = "libc++";
				CLANG_ENABLE_MODULES = YES;
				CLANG_ENABLE_OBJC_ARC = YES;
				CLANG_ENABLE_OBJC_WEAK = YES;
				CLANG_WARN_BLOCK_CAPTURE_AUTORELEASING = YES;
				CLANG_WARN_BOOL_CONVERSION = YES;
				CLANG_WARN_COMMA = YES;
				CLANG_WARN_CONSTANT_CONVERSION = YES;
				CLANG_WARN_DEPRECATED_OBJC_IMPLEMENTATIONS = YES;
				CLANG_WARN_DIRECT_OBJC_ISA_USAGE = YES_ERROR;
				CLANG_WARN_DOCUMENTATION_COMMENTS = YES;
				CLANG_WARN_EMPTY_BODY = YES;
				CLANG_WARN_ENUM_CONVERSION = YES;
				CLANG_WARN_INFINITE_RECURSION = YES;
				CLANG_WARN_INT_CONVERSION = YES;
				CLANG_WARN_NON_LITERAL_NULL_CONVERSION = YES;
				CLANG_WARN_OBJC_IMPLICIT_RETAIN_SELF = YES;
				CLANG_WARN_OBJC_LITERAL_CONVERSION = YES;
				CLANG_WARN_OBJC_ROOT_CLASS = YES_ERROR;
				CLANG_WARN_RANGE_LOOP_ANALYSIS = YES;
				CLANG_WARN_STRICT_PROTOTYPES = YES;
				CLANG_WARN_SUSPICIOUS_MOVE = YES;
				CLANG_WARN_UNGUARDED_AVAILABILITY = YES_AGGRESSIVE;
				CLANG_WARN_UNREACHABLE_CODE = YES;
				CLANG_WARN__DUPLICATE_METHOD_MATCH = YES;
				CODE_SIGN_IDENTITY = "iPhone Developer";
				COPY_PHASE_STRIP = NO;
				DEBUG_INFORMATION_FORMAT = "dwarf-with-dsym";
				ENABLE_NS_ASSERTIONS = NO;
				ENABLE_STRICT_OBJC_MSGSEND = YES;
				GCC_C_LANGUAGE_STANDARD = gnu11;
				GCC_NO_COMMON_BLOCKS = YES;
				GCC_WARN_64_TO_32_BIT_CONVERSION = YES;
				GCC_WARN_ABOUT_RETURN_TYPE = YES_ERROR;
				GCC_WARN_UNDECLARED_SELECTOR = YES;
				GCC_WARN_UNINITIALIZED_AUTOS = YES_AGGRESSIVE;
				GCC_WARN_UNUSED_FUNCTION = YES;
				GCC_WARN_UNUSED_VARIABLE = YES;
				IPHONEOS_DEPLOYMENT_TARGET = 12.2;
				MTL_ENABLE_DEBUG_INFO = NO;
				MTL_FAST_MATH = YES;
				SDKROOT = iphoneos;
				SWIFT_COMPILATION_MODE = wholemodule;
				SWIFT_OPTIMIZATION_LEVEL = "-O";
				VALIDATE_PRODUCT = YES;
			};
			name = Release;
		};
		35DE36D1232275F000F3F285 /* Debug */ = {
			isa = XCBuildConfiguration;
			buildSettings = {
				ASSETCATALOG_COMPILER_APPICON_NAME = AppIcon;
				CODE_SIGN_STYLE = Automatic;
				DEVELOPMENT_TEAM = 9D9MQ4SU7F;
				INFOPLIST_FILE = TouchyFeelyGoodness/Info.plist;
				LD_RUNPATH_SEARCH_PATHS = (
					"$(inherited)",
					"@executable_path/Frameworks",
				);
				PRODUCT_BUNDLE_IDENTIFIER = com.juger.TouchyFeelyGoodness;
				PRODUCT_NAME = "$(TARGET_NAME)";
				SWIFT_VERSION = 5.0;
				TARGETED_DEVICE_FAMILY = "1,2";
			};
			name = Debug;
		};
		35DE36D2232275F000F3F285 /* Release */ = {
			isa = XCBuildConfiguration;
			buildSettings = {
				ASSETCATALOG_COMPILER_APPICON_NAME = AppIcon;
				CODE_SIGN_STYLE = Automatic;
				DEVELOPMENT_TEAM = 9D9MQ4SU7F;
				INFOPLIST_FILE = TouchyFeelyGoodness/Info.plist;
				LD_RUNPATH_SEARCH_PATHS = (
					"$(inherited)",
					"@executable_path/Frameworks",
				);
				PRODUCT_BUNDLE_IDENTIFIER = com.juger.TouchyFeelyGoodness;
				PRODUCT_NAME = "$(TARGET_NAME)";
				SWIFT_VERSION = 5.0;
				TARGETED_DEVICE_FAMILY = "1,2";
			};
			name = Release;
		};
/* End XCBuildConfiguration section */

/* Begin XCConfigurationList section */
		35DE36B9232275DB00F3F285 /* Build configuration list for PBXProject "TouchyFeelyGoodness" */ = {
			isa = XCConfigurationList;
			buildConfigurations = (
				35DE36CE232275F000F3F285 /* Debug */,
				35DE36CF232275F000F3F285 /* Release */,
			);
			defaultConfigurationIsVisible = 0;
			defaultConfigurationName = Release;
		};
		35DE36D0232275F000F3F285 /* Build configuration list for PBXNativeTarget "TouchyFeelyGoodness" */ = {
			isa = XCConfigurationList;
			buildConfigurations = (
				35DE36D1232275F000F3F285 /* Debug */,
				35DE36D2232275F000F3F285 /* Release */,
			);
			defaultConfigurationIsVisible = 0;
			defaultConfigurationName = Release;
		};
/* End XCConfigurationList section */
	};
	rootObject = 35DE36B6232275DB00F3F285 /* Project object */;
}
